// !$*UTF8*$!
{
	archiveVersion = 1;
	classes = {
	};
	objectVersion = 56;
	objects = {

/* Begin PBXBuildFile section */
		100F4A062A5C453D00FFC8FF /* AppDelegate.swift in Sources */ = {isa = PBXBuildFile; fileRef = 100F4A052A5C453D00FFC8FF /* AppDelegate.swift */; };
		100F4A082A5C453D00FFC8FF /* SceneDelegate.swift in Sources */ = {isa = PBXBuildFile; fileRef = 100F4A072A5C453D00FFC8FF /* SceneDelegate.swift */; };
		100F4A0A2A5C453D00FFC8FF /* ViewController.swift in Sources */ = {isa = PBXBuildFile; fileRef = 100F4A092A5C453D00FFC8FF /* ViewController.swift */; };
		100F4A0D2A5C453D00FFC8FF /* Main.storyboard in Resources */ = {isa = PBXBuildFile; fileRef = 100F4A0B2A5C453D00FFC8FF /* Main.storyboard */; };
		100F4A0F2A5C453E00FFC8FF /* Assets.xcassets in Resources */ = {isa = PBXBuildFile; fileRef = 100F4A0E2A5C453E00FFC8FF /* Assets.xcassets */; };
		100F4A122A5C453E00FFC8FF /* LaunchScreen.storyboard in Resources */ = {isa = PBXBuildFile; fileRef = 100F4A102A5C453E00FFC8FF /* LaunchScreen.storyboard */; };
		100F4A1D2A5C453E00FFC8FF /* Soporte_GiHub_HelloWorld_AmarebuTests.swift in Sources */ = {isa = PBXBuildFile; fileRef = 100F4A1C2A5C453E00FFC8FF /* Soporte_GiHub_HelloWorld_AmarebuTests.swift */; };
		100F4A272A5C453E00FFC8FF /* Soporte_GiHub_HelloWorld_AmarebuUITests.swift in Sources */ = {isa = PBXBuildFile; fileRef = 100F4A262A5C453E00FFC8FF /* Soporte_GiHub_HelloWorld_AmarebuUITests.swift */; };
		100F4A292A5C453E00FFC8FF /* Soporte_GiHub_HelloWorld_AmarebuUITestsLaunchTests.swift in Sources */ = {isa = PBXBuildFile; fileRef = 100F4A282A5C453E00FFC8FF /* Soporte_GiHub_HelloWorld_AmarebuUITestsLaunchTests.swift */; };
/* End PBXBuildFile section */

/* Begin PBXContainerItemProxy section */
		100F4A192A5C453E00FFC8FF /* PBXContainerItemProxy */ = {
			isa = PBXContainerItemProxy;
			containerPortal = 100F49FA2A5C453D00FFC8FF /* Project object */;
			proxyType = 1;
			remoteGlobalIDString = 100F4A012A5C453D00FFC8FF;
			remoteInfo = "Soporte-GiHub-HelloWorld-Amarebu";
		};
		100F4A232A5C453E00FFC8FF /* PBXContainerItemProxy */ = {
			isa = PBXContainerItemProxy;
			containerPortal = 100F49FA2A5C453D00FFC8FF /* Project object */;
			proxyType = 1;
			remoteGlobalIDString = 100F4A012A5C453D00FFC8FF;
			remoteInfo = "Soporte-GiHub-HelloWorld-Amarebu";
		};
/* End PBXContainerItemProxy section */

/* Begin PBXFileReference section */
		100F4A022A5C453D00FFC8FF /* Soporte-GiHub-HelloWorld-Amarebu.app */ = {isa = PBXFileReference; explicitFileType = wrapper.application; includeInIndex = 0; path = "Soporte-GiHub-HelloWorld-Amarebu.app"; sourceTree = BUILT_PRODUCTS_DIR; };
		100F4A052A5C453D00FFC8FF /* AppDelegate.swift */ = {isa = PBXFileReference; lastKnownFileType = sourcecode.swift; path = AppDelegate.swift; sourceTree = "<group>"; };
		100F4A072A5C453D00FFC8FF /* SceneDelegate.swift */ = {isa = PBXFileReference; lastKnownFileType = sourcecode.swift; path = SceneDelegate.swift; sourceTree = "<group>"; };
		100F4A092A5C453D00FFC8FF /* ViewController.swift */ = {isa = PBXFileReference; lastKnownFileType = sourcecode.swift; path = ViewController.swift; sourceTree = "<group>"; };
		100F4A0C2A5C453D00FFC8FF /* Base */ = {isa = PBXFileReference; lastKnownFileType = file.storyboard; name = Base; path = Base.lproj/Main.storyboard; sourceTree = "<group>"; };
		100F4A0E2A5C453E00FFC8FF /* Assets.xcassets */ = {isa = PBXFileReference; lastKnownFileType = folder.assetcatalog; path = Assets.xcassets; sourceTree = "<group>"; };
		100F4A112A5C453E00FFC8FF /* Base */ = {isa = PBXFileReference; lastKnownFileType = file.storyboard; name = Base; path = Base.lproj/LaunchScreen.storyboard; sourceTree = "<group>"; };
		100F4A132A5C453E00FFC8FF /* Info.plist */ = {isa = PBXFileReference; lastKnownFileType = text.plist.xml; path = Info.plist; sourceTree = "<group>"; };
		100F4A182A5C453E00FFC8FF /* Soporte-GiHub-HelloWorld-AmarebuTests.xctest */ = {isa = PBXFileReference; explicitFileType = wrapper.cfbundle; includeInIndex = 0; path = "Soporte-GiHub-HelloWorld-AmarebuTests.xctest"; sourceTree = BUILT_PRODUCTS_DIR; };
		100F4A1C2A5C453E00FFC8FF /* Soporte_GiHub_HelloWorld_AmarebuTests.swift */ = {isa = PBXFileReference; lastKnownFileType = sourcecode.swift; path = Soporte_GiHub_HelloWorld_AmarebuTests.swift; sourceTree = "<group>"; };
		100F4A222A5C453E00FFC8FF /* Soporte-GiHub-HelloWorld-AmarebuUITests.xctest */ = {isa = PBXFileReference; explicitFileType = wrapper.cfbundle; includeInIndex = 0; path = "Soporte-GiHub-HelloWorld-AmarebuUITests.xctest"; sourceTree = BUILT_PRODUCTS_DIR; };
		100F4A262A5C453E00FFC8FF /* Soporte_GiHub_HelloWorld_AmarebuUITests.swift */ = {isa = PBXFileReference; lastKnownFileType = sourcecode.swift; path = Soporte_GiHub_HelloWorld_AmarebuUITests.swift; sourceTree = "<group>"; };
		100F4A282A5C453E00FFC8FF /* Soporte_GiHub_HelloWorld_AmarebuUITestsLaunchTests.swift */ = {isa = PBXFileReference; lastKnownFileType = sourcecode.swift; path = Soporte_GiHub_HelloWorld_AmarebuUITestsLaunchTests.swift; sourceTree = "<group>"; };
/* End PBXFileReference section */

/* Begin PBXFrameworksBuildPhase section */
		100F49FF2A5C453D00FFC8FF /* Frameworks */ = {
			isa = PBXFrameworksBuildPhase;
			buildActionMask = 2147483647;
			files = (
			);
			runOnlyForDeploymentPostprocessing = 0;
		};
		100F4A152A5C453E00FFC8FF /* Frameworks */ = {
			isa = PBXFrameworksBuildPhase;
			buildActionMask = 2147483647;
			files = (
			);
			runOnlyForDeploymentPostprocessing = 0;
		};
		100F4A1F2A5C453E00FFC8FF /* Frameworks */ = {
			isa = PBXFrameworksBuildPhase;
			buildActionMask = 2147483647;
			files = (
			);
			runOnlyForDeploymentPostprocessing = 0;
		};
/* End PBXFrameworksBuildPhase section */

/* Begin PBXGroup section */
		100F49F92A5C453D00FFC8FF = {
			isa = PBXGroup;
			children = (
				100F4A042A5C453D00FFC8FF /* Soporte-GiHub-HelloWorld-Amarebu */,
				100F4A1B2A5C453E00FFC8FF /* Soporte-GiHub-HelloWorld-AmarebuTests */,
				100F4A252A5C453E00FFC8FF /* Soporte-GiHub-HelloWorld-AmarebuUITests */,
				100F4A032A5C453D00FFC8FF /* Products */,
			);
			sourceTree = "<group>";
		};
		100F4A032A5C453D00FFC8FF /* Products */ = {
			isa = PBXGroup;
			children = (
				100F4A022A5C453D00FFC8FF /* Soporte-GiHub-HelloWorld-Amarebu.app */,
				100F4A182A5C453E00FFC8FF /* Soporte-GiHub-HelloWorld-AmarebuTests.xctest */,
				100F4A222A5C453E00FFC8FF /* Soporte-GiHub-HelloWorld-AmarebuUITests.xctest */,
			);
			name = Products;
			sourceTree = "<group>";
		};
		100F4A042A5C453D00FFC8FF /* Soporte-GiHub-HelloWorld-Amarebu */ = {
			isa = PBXGroup;
			children = (
				100F4A072A5C453D00FFC8FF /* SceneDelegate.swift */,
				100F4A052A5C453D00FFC8FF /* AppDelegate.swift */,
				100F4A092A5C453D00FFC8FF /* ViewController.swift */,
				100F4A0B2A5C453D00FFC8FF /* Main.storyboard */,
				100F4A0E2A5C453E00FFC8FF /* Assets.xcassets */,
				100F4A102A5C453E00FFC8FF /* LaunchScreen.storyboard */,
				100F4A132A5C453E00FFC8FF /* Info.plist */,
			);
			path = "Soporte-GiHub-HelloWorld-Amarebu";
			sourceTree = "<group>";
		};
		100F4A1B2A5C453E00FFC8FF /* Soporte-GiHub-HelloWorld-AmarebuTests */ = {
			isa = PBXGroup;
			children = (
				100F4A1C2A5C453E00FFC8FF /* Soporte_GiHub_HelloWorld_AmarebuTests.swift */,
			);
			path = "Soporte-GiHub-HelloWorld-AmarebuTests";
			sourceTree = "<group>";
		};
		100F4A252A5C453E00FFC8FF /* Soporte-GiHub-HelloWorld-AmarebuUITests */ = {
			isa = PBXGroup;
			children = (
				100F4A262A5C453E00FFC8FF /* Soporte_GiHub_HelloWorld_AmarebuUITests.swift */,
				100F4A282A5C453E00FFC8FF /* Soporte_GiHub_HelloWorld_AmarebuUITestsLaunchTests.swift */,
			);
			path = "Soporte-GiHub-HelloWorld-AmarebuUITests";
			sourceTree = "<group>";
		};
/* End PBXGroup section */

/* Begin PBXNativeTarget section */
		100F4A012A5C453D00FFC8FF /* Soporte-GiHub-HelloWorld-Amarebu */ = {
			isa = PBXNativeTarget;
			buildConfigurationList = 100F4A2C2A5C453E00FFC8FF /* Build configuration list for PBXNativeTarget "Soporte-GiHub-HelloWorld-Amarebu" */;
			buildPhases = (
				100F49FE2A5C453D00FFC8FF /* Sources */,
				100F49FF2A5C453D00FFC8FF /* Frameworks */,
				100F4A002A5C453D00FFC8FF /* Resources */,
			);
			buildRules = (
			);
			dependencies = (
			);
			name = "Soporte-GiHub-HelloWorld-Amarebu";
			productName = "Soporte-GiHub-HelloWorld-Amarebu";
			productReference = 100F4A022A5C453D00FFC8FF /* Soporte-GiHub-HelloWorld-Amarebu.app */;
			productType = "com.apple.product-type.application";
		};
		100F4A172A5C453E00FFC8FF /* Soporte-GiHub-HelloWorld-AmarebuTests */ = {
			isa = PBXNativeTarget;
			buildConfigurationList = 100F4A2F2A5C453E00FFC8FF /* Build configuration list for PBXNativeTarget "Soporte-GiHub-HelloWorld-AmarebuTests" */;
			buildPhases = (
				100F4A142A5C453E00FFC8FF /* Sources */,
				100F4A152A5C453E00FFC8FF /* Frameworks */,
				100F4A162A5C453E00FFC8FF /* Resources */,
			);
			buildRules = (
			);
			dependencies = (
				100F4A1A2A5C453E00FFC8FF /* PBXTargetDependency */,
			);
			name = "Soporte-GiHub-HelloWorld-AmarebuTests";
			productName = "Soporte-GiHub-HelloWorld-AmarebuTests";
			productReference = 100F4A182A5C453E00FFC8FF /* Soporte-GiHub-HelloWorld-AmarebuTests.xctest */;
			productType = "com.apple.product-type.bundle.unit-test";
		};
		100F4A212A5C453E00FFC8FF /* Soporte-GiHub-HelloWorld-AmarebuUITests */ = {
			isa = PBXNativeTarget;
			buildConfigurationList = 100F4A322A5C453E00FFC8FF /* Build configuration list for PBXNativeTarget "Soporte-GiHub-HelloWorld-AmarebuUITests" */;
			buildPhases = (
				100F4A1E2A5C453E00FFC8FF /* Sources */,
				100F4A1F2A5C453E00FFC8FF /* Frameworks */,
				100F4A202A5C453E00FFC8FF /* Resources */,
			);
			buildRules = (
			);
			dependencies = (
				100F4A242A5C453E00FFC8FF /* PBXTargetDependency */,
			);
			name = "Soporte-GiHub-HelloWorld-AmarebuUITests";
			productName = "Soporte-GiHub-HelloWorld-AmarebuUITests";
			productReference = 100F4A222A5C453E00FFC8FF /* Soporte-GiHub-HelloWorld-AmarebuUITests.xctest */;
			productType = "com.apple.product-type.bundle.ui-testing";
		};
/* End PBXNativeTarget section */

/* Begin PBXProject section */
		100F49FA2A5C453D00FFC8FF /* Project object */ = {
			isa = PBXProject;
			attributes = {
				BuildIndependentTargetsInParallel = 1;
				LastSwiftUpdateCheck = 1430;
				LastUpgradeCheck = 1430;
				TargetAttributes = {
					100F4A012A5C453D00FFC8FF = {
						CreatedOnToolsVersion = 14.3.1;
					};
					100F4A172A5C453E00FFC8FF = {
						CreatedOnToolsVersion = 14.3.1;
						TestTargetID = 100F4A012A5C453D00FFC8FF;
					};
					100F4A212A5C453E00FFC8FF = {
						CreatedOnToolsVersion = 14.3.1;
						TestTargetID = 100F4A012A5C453D00FFC8FF;
					};
				};
			};
			buildConfigurationList = 100F49FD2A5C453D00FFC8FF /* Build configuration list for PBXProject "Soporte-GiHub-HelloWorld-Amarebu" */;
			compatibilityVersion = "Xcode 14.0";
			developmentRegion = en;
			hasScannedForEncodings = 0;
			knownRegions = (
				en,
				Base,
			);
			mainGroup = 100F49F92A5C453D00FFC8FF;
			productRefGroup = 100F4A032A5C453D00FFC8FF /* Products */;
			projectDirPath = "";
			projectRoot = "";
			targets = (
				100F4A012A5C453D00FFC8FF /* Soporte-GiHub-HelloWorld-Amarebu */,
				100F4A172A5C453E00FFC8FF /* Soporte-GiHub-HelloWorld-AmarebuTests */,
				100F4A212A5C453E00FFC8FF /* Soporte-GiHub-HelloWorld-AmarebuUITests */,
			);
		};
/* End PBXProject section */

/* Begin PBXResourcesBuildPhase section */
		100F4A002A5C453D00FFC8FF /* Resources */ = {
			isa = PBXResourcesBuildPhase;
			buildActionMask = 2147483647;
			files = (
				100F4A122A5C453E00FFC8FF /* LaunchScreen.storyboard in Resources */,
				100F4A0F2A5C453E00FFC8FF /* Assets.xcassets in Resources */,
				100F4A0D2A5C453D00FFC8FF /* Main.storyboard in Resources */,
			);
			runOnlyForDeploymentPostprocessing = 0;
		};
		100F4A162A5C453E00FFC8FF /* Resources */ = {
			isa = PBXResourcesBuildPhase;
			buildActionMask = 2147483647;
			files = (
			);
			runOnlyForDeploymentPostprocessing = 0;
		};
		100F4A202A5C453E00FFC8FF /* Resources */ = {
			isa = PBXResourcesBuildPhase;
			buildActionMask = 2147483647;
			files = (
			);
			runOnlyForDeploymentPostprocessing = 0;
		};
/* End PBXResourcesBuildPhase section */

/* Begin PBXSourcesBuildPhase section */
		100F49FE2A5C453D00FFC8FF /* Sources */ = {
			isa = PBXSourcesBuildPhase;
			buildActionMask = 2147483647;
			files = (
				100F4A0A2A5C453D00FFC8FF /* ViewController.swift in Sources */,
				100F4A062A5C453D00FFC8FF /* AppDelegate.swift in Sources */,
				100F4A082A5C453D00FFC8FF /* SceneDelegate.swift in Sources */,
			);
			runOnlyForDeploymentPostprocessing = 0;
		};
		100F4A142A5C453E00FFC8FF /* Sources */ = {
			isa = PBXSourcesBuildPhase;
			buildActionMask = 2147483647;
			files = (
				100F4A1D2A5C453E00FFC8FF /* Soporte_GiHub_HelloWorld_AmarebuTests.swift in Sources */,
			);
			runOnlyForDeploymentPostprocessing = 0;
		};
		100F4A1E2A5C453E00FFC8FF /* Sources */ = {
			isa = PBXSourcesBuildPhase;
			buildActionMask = 2147483647;
			files = (
				100F4A272A5C453E00FFC8FF /* Soporte_GiHub_HelloWorld_AmarebuUITests.swift in Sources */,
				100F4A292A5C453E00FFC8FF /* Soporte_GiHub_HelloWorld_AmarebuUITestsLaunchTests.swift in Sources */,
			);
			runOnlyForDeploymentPostprocessing = 0;
		};
/* End PBXSourcesBuildPhase section */

/* Begin PBXTargetDependency section */
		100F4A1A2A5C453E00FFC8FF /* PBXTargetDependency */ = {
			isa = PBXTargetDependency;
			target = 100F4A012A5C453D00FFC8FF /* Soporte-GiHub-HelloWorld-Amarebu */;
			targetProxy = 100F4A192A5C453E00FFC8FF /* PBXContainerItemProxy */;
		};
		100F4A242A5C453E00FFC8FF /* PBXTargetDependency */ = {
			isa = PBXTargetDependency;
			target = 100F4A012A5C453D00FFC8FF /* Soporte-GiHub-HelloWorld-Amarebu */;
			targetProxy = 100F4A232A5C453E00FFC8FF /* PBXContainerItemProxy */;
		};
/* End PBXTargetDependency section */

/* Begin PBXVariantGroup section */
		100F4A0B2A5C453D00FFC8FF /* Main.storyboard */ = {
			isa = PBXVariantGroup;
			children = (
				100F4A0C2A5C453D00FFC8FF /* Base */,
			);
			name = Main.storyboard;
			sourceTree = "<group>";
		};
		100F4A102A5C453E00FFC8FF /* LaunchScreen.storyboard */ = {
			isa = PBXVariantGroup;
			children = (
				100F4A112A5C453E00FFC8FF /* Base */,
			);
			name = LaunchScreen.storyboard;
			sourceTree = "<group>";
		};
/* End PBXVariantGroup section */

/* Begin XCBuildConfiguration section */
		100F4A2A2A5C453E00FFC8FF /* Debug */ = {
			isa = XCBuildConfiguration;
			buildSettings = {
				ALWAYS_SEARCH_USER_PATHS = NO;
				CLANG_ANALYZER_NONNULL = YES;
				CLANG_ANALYZER_NUMBER_OBJECT_CONVERSION = YES_AGGRESSIVE;
				CLANG_CXX_LANGUAGE_STANDARD = "gnu++20";
				CLANG_ENABLE_MODULES = YES;
				CLANG_ENABLE_OBJC_ARC = YES;
				CLANG_ENABLE_OBJC_WEAK = YES;
				CLANG_WARN_BLOCK_CAPTURE_AUTORELEASING = YES;
				CLANG_WARN_BOOL_CONVERSION = YES;
				CLANG_WARN_COMMA = YES;
				CLANG_WARN_CONSTANT_CONVERSION = YES;
				CLANG_WARN_DEPRECATED_OBJC_IMPLEMENTATIONS = YES;
				CLANG_WARN_DIRECT_OBJC_ISA_USAGE = YES_ERROR;
				CLANG_WARN_DOCUMENTATION_COMMENTS = YES;
				CLANG_WARN_EMPTY_BODY = YES;
				CLANG_WARN_ENUM_CONVERSION = YES;
				CLANG_WARN_INFINITE_RECURSION = YES;
				CLANG_WARN_INT_CONVERSION = YES;
				CLANG_WARN_NON_LITERAL_NULL_CONVERSION = YES;
				CLANG_WARN_OBJC_IMPLICIT_RETAIN_SELF = YES;
				CLANG_WARN_OBJC_LITERAL_CONVERSION = YES;
				CLANG_WARN_OBJC_ROOT_CLASS = YES_ERROR;
				CLANG_WARN_QUOTED_INCLUDE_IN_FRAMEWORK_HEADER = YES;
				CLANG_WARN_RANGE_LOOP_ANALYSIS = YES;
				CLANG_WARN_STRICT_PROTOTYPES = YES;
				CLANG_WARN_SUSPICIOUS_MOVE = YES;
				CLANG_WARN_UNGUARDED_AVAILABILITY = YES_AGGRESSIVE;
				CLANG_WARN_UNREACHABLE_CODE = YES;
				CLANG_WARN__DUPLICATE_METHOD_MATCH = YES;
				COPY_PHASE_STRIP = NO;
				DEBUG_INFORMATION_FORMAT = dwarf;
				ENABLE_STRICT_OBJC_MSGSEND = YES;
				ENABLE_TESTABILITY = YES;
				GCC_C_LANGUAGE_STANDARD = gnu11;
				GCC_DYNAMIC_NO_PIC = NO;
				GCC_NO_COMMON_BLOCKS = YES;
				GCC_OPTIMIZATION_LEVEL = 0;
				GCC_PREPROCESSOR_DEFINITIONS = (
					"DEBUG=1",
					"$(inherited)",
				);
				GCC_WARN_64_TO_32_BIT_CONVERSION = YES;
				GCC_WARN_ABOUT_RETURN_TYPE = YES_ERROR;
				GCC_WARN_UNDECLARED_SELECTOR = YES;
				GCC_WARN_UNINITIALIZED_AUTOS = YES_AGGRESSIVE;
				GCC_WARN_UNUSED_FUNCTION = YES;
				GCC_WARN_UNUSED_VARIABLE = YES;
				IPHONEOS_DEPLOYMENT_TARGET = 16.4;
				MTL_ENABLE_DEBUG_INFO = INCLUDE_SOURCE;
				MTL_FAST_MATH = YES;
				ONLY_ACTIVE_ARCH = YES;
				SDKROOT = iphoneos;
				SWIFT_ACTIVE_COMPILATION_CONDITIONS = DEBUG;
				SWIFT_OPTIMIZATION_LEVEL = "-Onone";
			};
			name = Debug;
		};
		100F4A2B2A5C453E00FFC8FF /* Release */ = {
			isa = XCBuildConfiguration;
			buildSettings = {
				ALWAYS_SEARCH_USER_PATHS = NO;
				CLANG_ANALYZER_NONNULL = YES;
				CLANG_ANALYZER_NUMBER_OBJECT_CONVERSION = YES_AGGRESSIVE;
				CLANG_CXX_LANGUAGE_STANDARD = "gnu++20";
				CLANG_ENABLE_MODULES = YES;
				CLANG_ENABLE_OBJC_ARC = YES;
				CLANG_ENABLE_OBJC_WEAK = YES;
				CLANG_WARN_BLOCK_CAPTURE_AUTORELEASING = YES;
				CLANG_WARN_BOOL_CONVERSION = YES;
				CLANG_WARN_COMMA = YES;
				CLANG_WARN_CONSTANT_CONVERSION = YES;
				CLANG_WARN_DEPRECATED_OBJC_IMPLEMENTATIONS = YES;
				CLANG_WARN_DIRECT_OBJC_ISA_USAGE = YES_ERROR;
				CLANG_WARN_DOCUMENTATION_COMMENTS = YES;
				CLANG_WARN_EMPTY_BODY = YES;
				CLANG_WARN_ENUM_CONVERSION = YES;
				CLANG_WARN_INFINITE_RECURSION = YES;
				CLANG_WARN_INT_CONVERSION = YES;
				CLANG_WARN_NON_LITERAL_NULL_CONVERSION = YES;
				CLANG_WARN_OBJC_IMPLICIT_RETAIN_SELF = YES;
				CLANG_WARN_OBJC_LITERAL_CONVERSION = YES;
				CLANG_WARN_OBJC_ROOT_CLASS = YES_ERROR;
				CLANG_WARN_QUOTED_INCLUDE_IN_FRAMEWORK_HEADER = YES;
				CLANG_WARN_RANGE_LOOP_ANALYSIS = YES;
				CLANG_WARN_STRICT_PROTOTYPES = YES;
				CLANG_WARN_SUSPICIOUS_MOVE = YES;
				CLANG_WARN_UNGUARDED_AVAILABILITY = YES_AGGRESSIVE;
				CLANG_WARN_UNREACHABLE_CODE = YES;
				CLANG_WARN__DUPLICATE_METHOD_MATCH = YES;
				COPY_PHASE_STRIP = NO;
				DEBUG_INFORMATION_FORMAT = "dwarf-with-dsym";
				ENABLE_NS_ASSERTIONS = NO;
				ENABLE_STRICT_OBJC_MSGSEND = YES;
				GCC_C_LANGUAGE_STANDARD = gnu11;
				GCC_NO_COMMON_BLOCKS = YES;
				GCC_WARN_64_TO_32_BIT_CONVERSION = YES;
				GCC_WARN_ABOUT_RETURN_TYPE = YES_ERROR;
				GCC_WARN_UNDECLARED_SELECTOR = YES;
				GCC_WARN_UNINITIALIZED_AUTOS = YES_AGGRESSIVE;
				GCC_WARN_UNUSED_FUNCTION = YES;
				GCC_WARN_UNUSED_VARIABLE = YES;
				IPHONEOS_DEPLOYMENT_TARGET = 16.4;
				MTL_ENABLE_DEBUG_INFO = NO;
				MTL_FAST_MATH = YES;
				SDKROOT = iphoneos;
				SWIFT_COMPILATION_MODE = wholemodule;
				SWIFT_OPTIMIZATION_LEVEL = "-O";
				VALIDATE_PRODUCT = YES;
			};
			name = Release;
		};
		100F4A2D2A5C453E00FFC8FF /* Debug */ = {
			isa = XCBuildConfiguration;
			buildSettings = {
				ASSETCATALOG_COMPILER_APPICON_NAME = AppIcon;
				ASSETCATALOG_COMPILER_GLOBAL_ACCENT_COLOR_NAME = AccentColor;
				CODE_SIGN_STYLE = Automatic;
				CURRENT_PROJECT_VERSION = 1;
				DEVELOPMENT_TEAM = FW24N4S92X;
				GENERATE_INFOPLIST_FILE = YES;
				INFOPLIST_FILE = "Soporte-GiHub-HelloWorld-Amarebu/Info.plist";
				INFOPLIST_KEY_UIApplicationSupportsIndirectInputEvents = YES;
				INFOPLIST_KEY_UILaunchStoryboardName = LaunchScreen;
				INFOPLIST_KEY_UIMainStoryboardFile = Main;
				INFOPLIST_KEY_UISupportedInterfaceOrientations_iPad = "UIInterfaceOrientationPortrait UIInterfaceOrientationPortraitUpsideDown UIInterfaceOrientationLandscapeLeft UIInterfaceOrientationLandscapeRight";
				INFOPLIST_KEY_UISupportedInterfaceOrientations_iPhone = "UIInterfaceOrientationPortrait UIInterfaceOrientationLandscapeLeft UIInterfaceOrientationLandscapeRight";
				LD_RUNPATH_SEARCH_PATHS = (
					"$(inherited)",
					"@executable_path/Frameworks",
				);
				MARKETING_VERSION = 1.0;
				PRODUCT_BUNDLE_IDENTIFIER = "com.Amarebu.Soporte-GiHub-HelloWorld-Amarebu";
				PRODUCT_NAME = "$(TARGET_NAME)";
				SWIFT_EMIT_LOC_STRINGS = YES;
				SWIFT_VERSION = 5.0;
				TARGETED_DEVICE_FAMILY = "1,2";
			};
			name = Debug;
		};
		100F4A2E2A5C453E00FFC8FF /* Release */ = {
			isa = XCBuildConfiguration;
			buildSettings = {
				ASSETCATALOG_COMPILER_APPICON_NAME = AppIcon;
				ASSETCATALOG_COMPILER_GLOBAL_ACCENT_COLOR_NAME = AccentColor;
				CODE_SIGN_STYLE = Automatic;
				CURRENT_PROJECT_VERSION = 1;
				DEVELOPMENT_TEAM = FW24N4S92X;
				GENERATE_INFOPLIST_FILE = YES;
				INFOPLIST_FILE = "Soporte-GiHub-HelloWorld-Amarebu/Info.plist";
				INFOPLIST_KEY_UIApplicationSupportsIndirectInputEvents = YES;
				INFOPLIST_KEY_UILaunchStoryboardName = LaunchScreen;
				INFOPLIST_KEY_UIMainStoryboardFile = Main;
				INFOPLIST_KEY_UISupportedInterfaceOrientations_iPad = "UIInterfaceOrientationPortrait UIInterfaceOrientationPortraitUpsideDown UIInterfaceOrientationLandscapeLeft UIInterfaceOrientationLandscapeRight";
				INFOPLIST_KEY_UISupportedInterfaceOrientations_iPhone = "UIInterfaceOrientationPortrait UIInterfaceOrientationLandscapeLeft UIInterfaceOrientationLandscapeRight";
				LD_RUNPATH_SEARCH_PATHS = (
					"$(inherited)",
					"@executable_path/Frameworks",
				);
				MARKETING_VERSION = 1.0;
				PRODUCT_BUNDLE_IDENTIFIER = "com.Amarebu.Soporte-GiHub-HelloWorld-Amarebu";
				PRODUCT_NAME = "$(TARGET_NAME)";
				SWIFT_EMIT_LOC_STRINGS = YES;
				SWIFT_VERSION = 5.0;
				TARGETED_DEVICE_FAMILY = "1,2";
			};
			name = Release;
		};
		100F4A302A5C453E00FFC8FF /* Debug */ = {
			isa = XCBuildConfiguration;
			buildSettings = {
				ALWAYS_EMBED_SWIFT_STANDARD_LIBRARIES = YES;
				BUNDLE_LOADER = "$(TEST_HOST)";
				CODE_SIGN_STYLE = Automatic;
				CURRENT_PROJECT_VERSION = 1;
				DEVELOPMENT_TEAM = FW24N4S92X;
				GENERATE_INFOPLIST_FILE = YES;
				IPHONEOS_DEPLOYMENT_TARGET = 16.4;
				MARKETING_VERSION = 1.0;
				PRODUCT_BUNDLE_IDENTIFIER = "com.Amarebu.Soporte-GiHub-HelloWorld-AmarebuTests";
				PRODUCT_NAME = "$(TARGET_NAME)";
				SWIFT_EMIT_LOC_STRINGS = NO;
				SWIFT_VERSION = 5.0;
				TARGETED_DEVICE_FAMILY = "1,2";
				TEST_HOST = "$(BUILT_PRODUCTS_DIR)/Soporte-GiHub-HelloWorld-Amarebu.app/$(BUNDLE_EXECUTABLE_FOLDER_PATH)/Soporte-GiHub-HelloWorld-Amarebu";
			};
			name = Debug;
		};
		100F4A312A5C453E00FFC8FF /* Release */ = {
			isa = XCBuildConfiguration;
			buildSettings = {
				ALWAYS_EMBED_SWIFT_STANDARD_LIBRARIES = YES;
				BUNDLE_LOADER = "$(TEST_HOST)";
				CODE_SIGN_STYLE = Automatic;
				CURRENT_PROJECT_VERSION = 1;
				DEVELOPMENT_TEAM = FW24N4S92X;
				GENERATE_INFOPLIST_FILE = YES;
				IPHONEOS_DEPLOYMENT_TARGET = 16.4;
				MARKETING_VERSION = 1.0;
				PRODUCT_BUNDLE_IDENTIFIER = "com.Amarebu.Soporte-GiHub-HelloWorld-AmarebuTests";
				PRODUCT_NAME = "$(TARGET_NAME)";
				SWIFT_EMIT_LOC_STRINGS = NO;
				SWIFT_VERSION = 5.0;
				TARGETED_DEVICE_FAMILY = "1,2";
				TEST_HOST = "$(BUILT_PRODUCTS_DIR)/Soporte-GiHub-HelloWorld-Amarebu.app/$(BUNDLE_EXECUTABLE_FOLDER_PATH)/Soporte-GiHub-HelloWorld-Amarebu";
			};
			name = Release;
		};
		100F4A332A5C453E00FFC8FF /* Debug */ = {
			isa = XCBuildConfiguration;
			buildSettings = {
				ALWAYS_EMBED_SWIFT_STANDARD_LIBRARIES = YES;
				CODE_SIGN_STYLE = Automatic;
				CURRENT_PROJECT_VERSION = 1;
				DEVELOPMENT_TEAM = FW24N4S92X;
				GENERATE_INFOPLIST_FILE = YES;
				MARKETING_VERSION = 1.0;
				PRODUCT_BUNDLE_IDENTIFIER = "com.Amarebu.Soporte-GiHub-HelloWorld-AmarebuUITests";
				PRODUCT_NAME = "$(TARGET_NAME)";
				SWIFT_EMIT_LOC_STRINGS = NO;
				SWIFT_VERSION = 5.0;
				TARGETED_DEVICE_FAMILY = "1,2";
				TEST_TARGET_NAME = "Soporte-GiHub-HelloWorld-Amarebu";
			};
			name = Debug;
		};
		100F4A342A5C453E00FFC8FF /* Release */ = {
			isa = XCBuildConfiguration;
			buildSettings = {
				ALWAYS_EMBED_SWIFT_STANDARD_LIBRARIES = YES;
				CODE_SIGN_STYLE = Automatic;
				CURRENT_PROJECT_VERSION = 1;
				DEVELOPMENT_TEAM = FW24N4S92X;
				GENERATE_INFOPLIST_FILE = YES;
				MARKETING_VERSION = 1.0;
				PRODUCT_BUNDLE_IDENTIFIER = "com.Amarebu.Soporte-GiHub-HelloWorld-AmarebuUITests";
				PRODUCT_NAME = "$(TARGET_NAME)";
				SWIFT_EMIT_LOC_STRINGS = NO;
				SWIFT_VERSION = 5.0;
				TARGETED_DEVICE_FAMILY = "1,2";
				TEST_TARGET_NAME = "Soporte-GiHub-HelloWorld-Amarebu";
			};
			name = Release;
		};
/* End XCBuildConfiguration section */

/* Begin XCConfigurationList section */
		100F49FD2A5C453D00FFC8FF /* Build configuration list for PBXProject "Soporte-GiHub-HelloWorld-Amarebu" */ = {
			isa = XCConfigurationList;
			buildConfigurations = (
				100F4A2A2A5C453E00FFC8FF /* Debug */,
				100F4A2B2A5C453E00FFC8FF /* Release */,
			);
			defaultConfigurationIsVisible = 0;
			defaultConfigurationName = Release;
		};
		100F4A2C2A5C453E00FFC8FF /* Build configuration list for PBXNativeTarget "Soporte-GiHub-HelloWorld-Amarebu" */ = {
			isa = XCConfigurationList;
			buildConfigurations = (
				100F4A2D2A5C453E00FFC8FF /* Debug */,
				100F4A2E2A5C453E00FFC8FF /* Release */,
			);
			defaultConfigurationIsVisible = 0;
			defaultConfigurationName = Release;
		};
		100F4A2F2A5C453E00FFC8FF /* Build configuration list for PBXNativeTarget "Soporte-GiHub-HelloWorld-AmarebuTests" */ = {
			isa = XCConfigurationList;
			buildConfigurations = (
				100F4A302A5C453E00FFC8FF /* Debug */,
				100F4A312A5C453E00FFC8FF /* Release */,
			);
			defaultConfigurationIsVisible = 0;
			defaultConfigurationName = Release;
		};
		100F4A322A5C453E00FFC8FF /* Build configuration list for PBXNativeTarget "Soporte-GiHub-HelloWorld-AmarebuUITests" */ = {
			isa = XCConfigurationList;
			buildConfigurations = (
				100F4A332A5C453E00FFC8FF /* Debug */,
				100F4A342A5C453E00FFC8FF /* Release */,
			);
			defaultConfigurationIsVisible = 0;
			defaultConfigurationName = Release;
		};
/* End XCConfigurationList section */
	};
	rootObject = 100F49FA2A5C453D00FFC8FF /* Project object */;
}
